# THIS IS AN AUTOGENERATED FILE. DO NOT EDIT THIS FILE DIRECTLY.
# yarn lockfile v1


resize-observer-polyfill@^1.5.0:
  version "1.5.1"
  resolved "https://registry.yarnpkg.com/resize-observer-polyfill/-/resize-observer-polyfill-1.5.1.tgz#0e9020dd3d21024458d4ebd27e23e40269810464"
  integrity sha512-LwZrotdHOo12nQuZlHEmtuXdqGoOD0OhaxopaNFxWzInpEgaLWoVuAMbTzixuosCx2nEG58ngzW3vxdWoxIgdg==

throttle-debounce@^1.0.1:
  version "1.1.0"
  resolved "https://registry.yarnpkg.com/throttle-debounce/-/throttle-debounce-1.1.0.tgz#51853da37be68a155cb6e827b3514a3c422e89cd"
  integrity sha512-XH8UiPCQcWNuk2LYePibW/4qL97+ZQ1AN3FNXwZRBNPPowo/NRU5fAlDCSNBJIYCKbioZfuYtMhG4quqoJhVzg==

vue-carousel-card@^1.0.3:
  version "1.0.3"
  resolved "https://registry.yarnpkg.com/vue-carousel-card/-/vue-carousel-card-1.0.3.tgz#e5191ab143ebc9b136d43281a2b905cf4d7a765f"
  integrity sha512-2I6bspUZtRv82DGe3fpKPMjC/NqhDyA2qiOgcGBXIn5csl518LT6PmZ7t9Fveyx1dK0bdNg7bAJNfPiSZXyoyA==
  dependencies:
    resize-observer-polyfill "^1.5.0"
    throttle-debounce "^1.0.1"
