# THIS IS AN AUTOGENERATED FILE. DO NOT EDIT THIS FILE DIRECTLY.
# yarn lockfile v1


vue-web-cam@^1.9.0:
  version "1.9.0"
  resolved "https://registry.yarnpkg.com/vue-web-cam/-/vue-web-cam-1.9.0.tgz#5a27ed21ca3c7272fbbf170e07b26951a515a93f"
  integrity sha512-AyEo8WWHpQGvMgWrxV6NFB6L6ojf85iTt8SeBokobYsr+Ev3qHKzR/L9C1aeW+lQ3+PSuRVUK9dVKHWkIiK+vA==
  dependencies:
    vue "^2.6.10"

vue@^2.6.10:
  version "2.6.11"
  resolved "https://registry.yarnpkg.com/vue/-/vue-2.6.11.tgz#76594d877d4b12234406e84e35275c6d514125c5"
  integrity sha512-VfPwgcGABbGAue9+sfrD4PuwFar7gPb1yl1UK1MwXoQPAw0BKSqWfoYCT/ThFrdEVWoI51dBuyCoiNU9bZDZxQ==
